{
  "requires": true,
  "lockfileVersion": 1,
  "dependencies": {
    "@rongcloud/engine": {
      "version": "4.5.1",
      "resolved": "https://registry.npmmirror.com/@rongcloud/engine/download/@rongcloud/engine-4.5.1.tgz",
      "integrity": "sha1-/xDRi/5e2cBCXrTr67KyA9nuRiw="
    },
    "@rongcloud/imlib-uni": {
      "version": "5.1.3-release.2",
      "resolved": "https://registry.npmmirror.com/@rongcloud/imlib-uni/download/@rongcloud/imlib-uni-5.1.3-release.2.tgz",
      "integrity": "sha1-AgKbKtyjzcrvH27FeZiiDZ/eIaE="
    },
    "@rongcloud/imlib-v4": {
      "version": "4.5.1",
      "resolved": "https://registry.npmmirror.com/@rongcloud/imlib-v4/download/@rongcloud/imlib-v4-4.5.1.tgz",
      "integrity": "sha1-mHtvHWgkpFeQdcZ+EaN0fZ/W3Bg=",
      "requires": {
        "@rongcloud/engine": "~4.5.1"
      }
    },
    "anymatch": {
      "version": "3.1.2",
      "resolved": "https://registry.nlark.com/anymatch/download/anymatch-3.1.2.tgz",
      "integrity": "sha1-wFV8CWrzLxBhmPT04qODU343hxY=",
      "requires": {
        "normalize-path": "^3.0.0",
        "picomatch": "^2.0.4"
      }
    },
    "axios": {
      "version": "0.24.0",
      "resolved": "https://registry.npmmirror.com/axios/download/axios-0.24.0.tgz",
      "integrity": "sha1-gE5voeS5xSiFAd2d/1anoJQNINY=",
      "requires": {
        "follow-redirects": "^1.14.4"
      }
    },
    "binary-extensions": {
      "version": "2.2.0",
      "resolved": "https://registry.nlark.com/binary-extensions/download/binary-extensions-2.2.0.tgz",
      "integrity": "sha1-dfUC7q+f/eQvyYgpZFvk6na9ni0="
    },
    "braces": {
      "version": "3.0.2",
      "resolved": "https://registry.nlark.com/braces/download/braces-3.0.2.tgz",
      "integrity": "sha1-NFThpGLujVmeI23zNs2epPiv4Qc=",
      "requires": {
        "fill-range": "^7.0.1"
      }
    },
    "chokidar": {
      "version": "3.5.2",
      "resolved": "https://registry.npmmirror.com/chokidar/download/chokidar-3.5.2.tgz",
      "integrity": "sha1-26OXb8rbAW9m/TZQIdkWANAcHnU=",
      "requires": {
        "anymatch": "~3.1.2",
        "braces": "~3.0.2",
        "fsevents": "~2.3.2",
        "glob-parent": "~5.1.2",
        "is-binary-path": "~2.1.0",
        "is-glob": "~4.0.1",
        "normalize-path": "~3.0.0",
        "readdirp": "~3.6.0"
      }
    },
    "fill-range": {
      "version": "7.0.1",
      "resolved": "https://registry.nlark.com/fill-range/download/fill-range-7.0.1.tgz",
      "integrity": "sha1-GRmmp8df44ssfHflGYU12prN2kA=",
      "requires": {
        "to-regex-range": "^5.0.1"
      }
    },
    "follow-redirects": {
      "version": "1.14.5",
      "resolved": "https://registry.npmmirror.com/follow-redirects/download/follow-redirects-1.14.5.tgz",
      "integrity": "sha1-8JpYSJgdPHcrU5Iwl3hSP42Fw4E="
    },
    "fsevents": {
      "version": "2.3.2",
      "resolved": "https://registry.npmmirror.com/fsevents/download/fsevents-2.3.2.tgz",
      "integrity": "sha1-ilJveLj99GI7cJ4Ll1xSwkwC/Ro=",
      "optional": true
    },
    "glob-parent": {
      "version": "5.1.2",
      "resolved": "https://registry.npmmirror.com/glob-parent/download/glob-parent-5.1.2.tgz",
      "integrity": "sha1-hpgyxYA0/mikCTwX3BXoNA2EAcQ=",
      "requires": {
        "is-glob": "^4.0.1"
      }
    },
    "is-binary-path": {
      "version": "2.1.0",
      "resolved": "https://registry.nlark.com/is-binary-path/download/is-binary-path-2.1.0.tgz",
      "integrity": "sha1-6h9/O4DwZCNug0cPhsCcJU+0Wwk=",
      "requires": {
        "binary-extensions": "^2.0.0"
      }
    },
    "is-extglob": {
      "version": "2.1.1",
      "resolved": "https://registry.nlark.com/is-extglob/download/is-extglob-2.1.1.tgz",
      "integrity": "sha1-qIwCU1eR8C7TfHahueqXc8gz+MI="
    },
    "is-glob": {
      "version": "4.0.3",
      "resolved": "https://registry.npmmirror.com/is-glob/download/is-glob-4.0.3.tgz?cache=0&sync_timestamp=1632934384374&other_urls=https%3A%2F%2Fregistry.npmmirror.com%2Fis-glob%2Fdownload%2Fis-glob-4.0.3.tgz",
      "integrity": "sha1-ZPYeQsu7LuwgcanawLKLoeZdUIQ=",
      "requires": {
        "is-extglob": "^2.1.1"
      }
    },
    "is-number": {
      "version": "7.0.0",
      "resolved": "https://registry.nlark.com/is-number/download/is-number-7.0.0.tgz",
      "integrity": "sha1-dTU0W4lnNNX4DE0GxQlVUnoU8Ss="
    },
    "klona": {
      "version": "2.0.5",
      "resolved": "https://registry.npmmirror.com/klona/download/klona-2.0.5.tgz?cache=0&sync_timestamp=1635385383825&other_urls=https%3A%2F%2Fregistry.npmmirror.com%2Fklona%2Fdownload%2Fklona-2.0.5.tgz",
      "integrity": "sha1-0WZXTZAHY5XZljqnqSj6u412r7w="
    },
    "neo-async": {
      "version": "2.6.2",
      "resolved": "https://registry.npm.taobao.org/neo-async/download/neo-async-2.6.2.tgz",
      "integrity": "sha1-tKr7k+OustgXTKU88WOrfXMIMF8="
    },
    "normalize-path": {
      "version": "3.0.0",
      "resolved": "https://registry.nlark.com/normalize-path/download/normalize-path-3.0.0.tgz",
      "integrity": "sha1-Dc1p/yOhybEf0JeDFmRKA4ghamU="
    },
    "ometa": {
      "version": "0.2.2",
      "resolved": "https://registry.nlark.com/ometa/download/ometa-0.2.2.tgz",
      "integrity": "sha1-9TxHNbptVq9aRrBN+3xDNMWW1E4="
    },
    "picomatch": {
      "version": "2.3.0",
      "resolved": "https://registry.nlark.com/picomatch/download/picomatch-2.3.0.tgz",
      "integrity": "sha1-8fBh3o9qS/AiiS4tEoI0+5gwKXI="
    },
    "readdirp": {
      "version": "3.6.0",
      "resolved": "https://registry.nlark.com/readdirp/download/readdirp-3.6.0.tgz",
      "integrity": "sha1-dKNwvYVxFuJFspzJc0DNQxoCpsc=",
      "requires": {
        "picomatch": "^2.2.1"
      }
    },
    "sass": {
      "version": "1.43.4",
      "resolved": "https://registry.npmmirror.com/sass/download/sass-1.43.4.tgz?cache=0&sync_timestamp=1635300327964&other_urls=https%3A%2F%2Fregistry.npmmirror.com%2Fsass%2Fdownload%2Fsass-1.43.4.tgz",
      "integrity": "sha1-aMfWobAEvvSa8NnK91DpslIQXR8=",
      "requires": {
        "chokidar": ">=3.0.0 <4.0.0"
      }
    },
    "sass-loader": {
      "version": "12.3.0",
      "resolved": "https://registry.npmmirror.com/sass-loader/download/sass-loader-12.3.0.tgz",
      "integrity": "sha1-kyeJgcGJw2pYy/w31LnO8M3AKHE=",
      "requires": {
        "klona": "^2.0.4",
        "neo-async": "^2.6.2"
      }
    },
    "scss": {
      "version": "0.2.4",
      "resolved": "https://registry.nlark.com/scss/download/scss-0.2.4.tgz",
      "integrity": "sha1-BA2QPtN8XU+krTOuH9OJrBKk4GU=",
      "requires": {
        "ometa": "0.2.2"
      }
    },
    "to-regex-range": {
      "version": "5.0.1",
      "resolved": "https://registry.nlark.com/to-regex-range/download/to-regex-range-5.0.1.tgz",
      "integrity": "sha1-FkjESq58jZiKMmAY7XL1tN0DkuQ=",
      "requires": {
        "is-number": "^7.0.0"
      }
    },
    "vuex": {
      "version": "3.6.2",
      "resolved": "https://registry.nlark.com/vuex/download/vuex-3.6.2.tgz",
      "integrity": "sha1-I2vAhqhww655lG8QfxbeWdWJXnE="
    }
  }
}
